{
  "name": "Skill-hub",
  "lockfileVersion": 3,
  "requires": true,
  "packages": {
    "": {
      "dependencies": {
        "react-chatbotify": "^2.0.0-beta.26"
      }
    },
    "node_modules/react-chatbotify": {
      "version": "2.0.0-beta.26",
      "resolved": "https://registry.npmjs.org/react-chatbotify/-/react-chatbotify-2.0.0-beta.26.tgz",
      "integrity": "sha512-WZFiF4Siwy3jMdnJjsaHvn0d36abiApg+E6fyXbdurmpZLKTJSfH5kmnmkgutHexDTLJIEZi0Gm3HXA2EYDRfA==",
      "peerDependencies": {
        "react": ">=16.14.0 <20.0.0 || ^19.0.0-0",
        "react-dom": ">=16.14.0 <20.0.0 || ^19.0.0-0"
      }
    }
  }
}
